
Microsoft Visual Studio Solution File, Format Version 12.00
# Visual Studio Version 16
VisualStudioVersion = 16.0.30804.86
MinimumVisualStudioVersion = 10.0.40219.1
Project("{FAE04EC0-301F-11D3-BF4B-00C04F79EFBC}") = "WSUniversalLib", "WSUniversalLib\WSUniversalLib.csproj", "{02614504-1ADB-4023-8E38-B6C0F7792AEB}"
EndProject
Project("{FAE04EC0-301F-11D3-BF4B-00C04F79EFBC}") = "WSUniversalLibTests", "WSUniversalLibTests\WSUniversalLibTests.csproj", "{0D74F6E2-DA00-4FBA-9C8D-2C36E95EF1CC}"
EndProject
Global
	GlobalSection(SolutionConfigurationPlatforms) = preSolution
		Debug|Any CPU = Debug|Any CPU
		Release|Any CPU = Release|Any CPU
	EndGlobalSection
	GlobalSection(ProjectConfigurationPlatforms) = postSolution
		{02614504-1ADB-4023-8E38-B6C0F7792AEB}.Debug|Any CPU.ActiveCfg = Debug|Any CPU
		{02614504-1ADB-4023-8E38-B6C0F7792AEB}.Debug|Any CPU.Build.0 = Debug|Any CPU
		{02614504-1ADB-4023-8E38-B6C0F7792AEB}.Release|Any CPU.ActiveCfg = Release|Any CPU
		{02614504-1ADB-4023-8E38-B6C0F7792AEB}.Release|Any CPU.Build.0 = Release|Any CPU
		{0D74F6E2-DA00-4FBA-9C8D-2C36E95EF1CC}.Debug|Any CPU.ActiveCfg = Debug|Any CPU
		{0D74F6E2-DA00-4FBA-9C8D-2C36E95EF1CC}.Debug|Any CPU.Build.0 = Debug|Any CPU
		{0D74F6E2-DA00-4FBA-9C8D-2C36E95EF1CC}.Release|Any CPU.ActiveCfg = Release|Any CPU
		{0D74F6E2-DA00-4FBA-9C8D-2C36E95EF1CC}.Release|Any CPU.Build.0 = Release|Any CPU
	EndGlobalSection
	GlobalSection(SolutionProperties) = preSolution
		HideSolutionNode = FALSE
	EndGlobalSection
	GlobalSection(ExtensibilityGlobals) = postSolution
		SolutionGuid = {E650E47F-3048-4CEC-AF8C-71D4EE70D336}
	EndGlobalSection
EndGlobal
